{
  "requires": true,
  "lockfileVersion": 1,
  "dependencies": {
    "debug": {
      "version": "2.6.9",
      "resolved": "http://npm.f2e.mogujie.org/debug/download/debug-2.6.9.tgz",
      "integrity": "sha1-XRKFFd8TT/Mn6QpMk/Tgd6U2NB8=",
      "requires": {
        "ms": "2.0.0"
      }
    },
    "ms": {
      "version": "2.0.0",
      "resolved": "http://npm.f2e.mogujie.org/ms/download/ms-2.0.0.tgz",
      "integrity": "sha1-VgiurfwAvmwpAd9fmGF4jeDVl8g="
    },
    "oauth": {
      "version": "0.9.15",
      "resolved": "http://npm.f2e.mogujie.org/oauth/download/oauth-0.9.15.tgz",
      "integrity": "sha1-vR/vr2hslrdUda7VGWQS/2DPucE="
    },
    "passport-github": {
      "version": "1.1.0",
      "resolved": "http://npm.f2e.mogujie.org/passport-github/download/passport-github-1.1.0.tgz",
      "integrity": "sha1-jOHj/NYa11eOsd9ZWDnkrqEjVdQ=",
      "requires": {
        "passport-oauth2": "1.4.0"
      }
    },
    "passport-oauth2": {
      "version": "1.4.0",
      "resolved": "http://npm.f2e.mogujie.org/passport-oauth2/download/passport-oauth2-1.4.0.tgz",
      "integrity": "sha1-9i+BWDy+EmCb585vFguTlaJ7hq0=",
      "requires": {
        "oauth": "0.9.15",
        "passport-strategy": "1.0.0",
        "uid2": "0.0.3",
        "utils-merge": "1.0.1"
      }
    },
    "passport-strategy": {
      "version": "1.0.0",
      "resolved": "http://npm.f2e.mogujie.org/passport-strategy/download/passport-strategy-1.0.0.tgz",
      "integrity": "sha1-tVOaqPwiWj0a0XlHbd8ja0QPUuQ="
    },
    "uid2": {
      "version": "0.0.3",
      "resolved": "http://npm.f2e.mogujie.org/uid2/download/uid2-0.0.3.tgz",
      "integrity": "sha1-SDEm4Rd03y9xuLY53NeZw3YWK4I="
    },
    "utils-merge": {
      "version": "1.0.1",
      "resolved": "http://npm.f2e.mogujie.org/utils-merge/download/utils-merge-1.0.1.tgz",
      "integrity": "sha1-n5VxD1CiZ5R7LMwSR0HBAoQn5xM="
    }
  }
}
